
Microsoft Visual Studio Solution File, Format Version 12.00
# Visual Studio Version 17
VisualStudioVersion = 17.5.002.0
MinimumVisualStudioVersion = 10.0.40219.1
Project("{9A19103F-16F7-4668-BE54-9A1E7A4F7556}") = "SimpleATMSystem", "SimpleATMSystem.csproj", "{0586EB98-C93E-48C9-9393-AD98D369AEE1}"
EndProject
Global
	GlobalSection(SolutionConfigurationPlatforms) = preSolution
		Debug|Any CPU = Debug|Any CPU
		Release|Any CPU = Release|Any CPU
	EndGlobalSection
	GlobalSection(ProjectConfigurationPlatforms) = postSolution
		{0586EB98-C93E-48C9-9393-AD98D369AEE1}.Debug|Any CPU.ActiveCfg = Debug|Any CPU
		{0586EB98-C93E-48C9-9393-AD98D369AEE1}.Debug|Any CPU.Build.0 = Debug|Any CPU
		{0586EB98-C93E-48C9-9393-AD98D369AEE1}.Release|Any CPU.ActiveCfg = Release|Any CPU
		{0586EB98-C93E-48C9-9393-AD98D369AEE1}.Release|Any CPU.Build.0 = Release|Any CPU
	EndGlobalSection
	GlobalSection(SolutionProperties) = preSolution
		HideSolutionNode = FALSE
	EndGlobalSection
	GlobalSection(ExtensibilityGlobals) = postSolution
		SolutionGuid = {6DE2173C-AE02-4F51-9F90-BDCC2643063A}
	EndGlobalSection
EndGlobal
